
Microsoft Visual Studio Solution File, Format Version 12.00
# Visual Studio Version 17
VisualStudioVersion = 17.8.34511.84
MinimumVisualStudioVersion = 10.0.40219.1
Project("{8BC9CEB8-8B4A-11D0-8D11-00A0C91BC942}") = "AdapterDesignPattern", "AdapterDesignPattern\AdapterDesignPattern.vcxproj", "{240AE360-2366-4A53-B95A-0924650ED68B}"
EndProject
Global
	GlobalSection(SolutionConfigurationPlatforms) = preSolution
		Debug|x64 = Debug|x64
		Debug|x86 = Debug|x86
		Release|x64 = Release|x64
		Release|x86 = Release|x86
	EndGlobalSection
	GlobalSection(ProjectConfigurationPlatforms) = postSolution
		{240AE360-2366-4A53-B95A-0924650ED68B}.Debug|x64.ActiveCfg = Debug|x64
		{240AE360-2366-4A53-B95A-0924650ED68B}.Debug|x64.Build.0 = Debug|x64
		{240AE360-2366-4A53-B95A-0924650ED68B}.Debug|x86.ActiveCfg = Debug|Win32
		{240AE360-2366-4A53-B95A-0924650ED68B}.Debug|x86.Build.0 = Debug|Win32
		{240AE360-2366-4A53-B95A-0924650ED68B}.Release|x64.ActiveCfg = Release|x64
		{240AE360-2366-4A53-B95A-0924650ED68B}.Release|x64.Build.0 = Release|x64
		{240AE360-2366-4A53-B95A-0924650ED68B}.Release|x86.ActiveCfg = Release|Win32
		{240AE360-2366-4A53-B95A-0924650ED68B}.Release|x86.Build.0 = Release|Win32
	EndGlobalSection
	GlobalSection(SolutionProperties) = preSolution
		HideSolutionNode = FALSE
	EndGlobalSection
	GlobalSection(ExtensibilityGlobals) = postSolution
		SolutionGuid = {76F7F56A-7E54-4BA8-9E64-921C41F1FAFC}
	EndGlobalSection
EndGlobal
